
Microsoft Visual Studio Solution File, Format Version 12.00
# Visual Studio 2012
Project("{FAE04EC0-301F-11D3-BF4B-00C04F79EFBC}") = "WarpShip", "WarpShip.csproj", "{597B17DB-4F27-4DFA-9A17-06D2E879637A}"
EndProject
Global
	GlobalSection(SolutionConfigurationPlatforms) = preSolution
		Debug|Any CPU = Debug|Any CPU
		Release|Any CPU = Release|Any CPU
	EndGlobalSection
	GlobalSection(ProjectConfigurationPlatforms) = postSolution
		{597B17DB-4F27-4DFA-9A17-06D2E879637A}.Debug|Any CPU.ActiveCfg = Debug|Any CPU
		{597B17DB-4F27-4DFA-9A17-06D2E879637A}.Debug|Any CPU.Build.0 = Debug|Any CPU
		{597B17DB-4F27-4DFA-9A17-06D2E879637A}.Release|Any CPU.ActiveCfg = Release|Any CPU
		{597B17DB-4F27-4DFA-9A17-06D2E879637A}.Release|Any CPU.Build.0 = Release|Any CPU
	EndGlobalSection
EndGlobal
